// !$*UTF8*$!
{
	archiveVersion = 1;
	classes = {
	};
	objectVersion = 46;
	objects = {

/* Begin PBXBuildFile section */
		22DC73F822B7CBFF19E9B7CF /* Payload.swift in Sources */ = {isa = PBXBuildFile; fileRef = 22DC7A12469B8258C38128E2 /* Payload.swift */; };
		22DC744FFA7999118BBEC42F /* CGPoint+.swift in Sources */ = {isa = PBXBuildFile; fileRef = 22DC76E5DD3EDF7200D38E08 /* CGPoint+.swift */; };
		22DC7A179D5E450DC80FFFDC /* MemorySlot.swift in Sources */ = {isa = PBXBuildFile; fileRef = 22DC76E79326E3E327A4B086 /* MemorySlot.swift */; };
		22DC7D66372DC4E7228650F9 /* Memory.swift in Sources */ = {isa = PBXBuildFile; fileRef = 22DC750125724E9BA28BA9EB /* Memory.swift */; };
		3B04A7D41E8BE13C00B317ED /* CollectionViewControllersExtensions.swift in Sources */ = {isa = PBXBuildFile; fileRef = 3B04A7D31E8BE13C00B317ED /* CollectionViewControllersExtensions.swift */; };
		3B05F91F1E94FFBF009B4F5F /* SpeechBubbleSprite.swift in Sources */ = {isa = PBXBuildFile; fileRef = 3B05F91E1E94FFBF009B4F5F /* SpeechBubbleSprite.swift */; };
		3B10D8491E9272C300EFCDAC /* ArrowView.swift in Sources */ = {isa = PBXBuildFile; fileRef = 3B10D8481E9272C300EFCDAC /* ArrowView.swift */; };
		3B16804B1E778773002286F6 /* ModelManager.swift in Sources */ = {isa = PBXBuildFile; fileRef = 3B16804A1E778773002286F6 /* ModelManager.swift */; };
		3B1680511E778A2D002286F6 /* LevelState.swift in Sources */ = {isa = PBXBuildFile; fileRef = 3B1680501E778A2D002286F6 /* LevelState.swift */; };
		3B1680531E77D6F7002286F6 /* RunState.swift in Sources */ = {isa = PBXBuildFile; fileRef = 3B1680521E77D6F7002286F6 /* RunState.swift */; };
		3B6D98501E88FCD70026872B /* EditorViewController.swift in Sources */ = {isa = PBXBuildFile; fileRef = 3B6D984F1E88FCD70026872B /* EditorViewController.swift */; };
		3B6D98521E88FE970026872B /* ControlPanelViewController.swift in Sources */ = {isa = PBXBuildFile; fileRef = 3B6D98511E88FE970026872B /* ControlPanelViewController.swift */; };
		3B6D98541E8904500026872B /* AnimationHelper.swift in Sources */ = {isa = PBXBuildFile; fileRef = 3B6D98531E8904500026872B /* AnimationHelper.swift */; };
		3B6D98591E89129C0026872B /* UIEntityDrawer.swift in Sources */ = {isa = PBXBuildFile; fileRef = 3B6D98581E89129C0026872B /* UIEntityDrawer.swift */; };
		3B78A68C1E9124CF00A652D9 /* DragDropViewController.swift in Sources */ = {isa = PBXBuildFile; fileRef = 3B78A68B1E9124CF00A652D9 /* DragDropViewController.swift */; };
		3B78A68E1E91545700A652D9 /* LineNumberCell.swift in Sources */ = {isa = PBXBuildFile; fileRef = 3B78A68D1E91545700A652D9 /* LineNumberCell.swift */; };
		3B78A6931E915A1E00A652D9 /* LineNumberViewController.swift in Sources */ = {isa = PBXBuildFile; fileRef = 3B78A6921E915A1E00A652D9 /* LineNumberViewController.swift */; };
		3BC852BF1E94833B0098042A /* JediSprite.swift in Sources */ = {isa = PBXBuildFile; fileRef = 3BC852BE1E94833B0098042A /* JediSprite.swift */; };
		3BD7EF9C1E812F790029EA57 /* Levels.plist in Resources */ = {isa = PBXBuildFile; fileRef = 3BD7EF9B1E812F790029EA57 /* Levels.plist */; };
		3BD7EF9E1E8146350029EA57 /* SavedLevel.plist in Resources */ = {isa = PBXBuildFile; fileRef = 3BD7EF9D1E8146350029EA57 /* SavedLevel.plist */; };
		76745B6D1E8855870039A771 /* MapScene.sks in Resources */ = {isa = PBXBuildFile; fileRef = 76745B6C1E8855870039A771 /* MapScene.sks */; };
		76745B6F1E8857EC0039A771 /* MapScene.swift in Sources */ = {isa = PBXBuildFile; fileRef = 76745B6E1E8857EC0039A771 /* MapScene.swift */; };
		76745B741E885A030039A771 /* MapViewController.swift in Sources */ = {isa = PBXBuildFile; fileRef = 76745B731E885A030039A771 /* MapViewController.swift */; };
		76E0F66D1E88F9B40051325C /* StationLevelNode.swift in Sources */ = {isa = PBXBuildFile; fileRef = 76E0F66C1E88F9B40051325C /* StationLevelNode.swift */; };
		A71209691E81888A0039B257 /* Logic.swift in Sources */ = {isa = PBXBuildFile; fileRef = A71209681E81888A0039B257 /* Logic.swift */; };
		A712096C1E8189060039B257 /* CommandCell.swift in Sources */ = {isa = PBXBuildFile; fileRef = A712096A1E8189060039B257 /* CommandCell.swift */; };
		A77AAE9B1E8D341100261A3A /* CommandDataListInfo.swift in Sources */ = {isa = PBXBuildFile; fileRef = A77AAE9A1E8D341100261A3A /* CommandDataListInfo.swift */; };
		A7A10CED1E865AD10040DA21 /* CommandDataList.swift in Sources */ = {isa = PBXBuildFile; fileRef = A7A10CE91E865AD10040DA21 /* CommandDataList.swift */; };
		A7A10CEE1E865AD10040DA21 /* LevelData.swift in Sources */ = {isa = PBXBuildFile; fileRef = A7A10CEA1E865AD10040DA21 /* LevelData.swift */; };
		A7A10CEF1E865AD10040DA21 /* LevelManager.swift in Sources */ = {isa = PBXBuildFile; fileRef = A7A10CEB1E865AD10040DA21 /* LevelManager.swift */; };
		A7A10CF01E865AD10040DA21 /* UserData.swift in Sources */ = {isa = PBXBuildFile; fileRef = A7A10CEC1E865AD10040DA21 /* UserData.swift */; };
		A7A10D061E86A6C20040DA21 /* TrainToChangiTests.swift in Sources */ = {isa = PBXBuildFile; fileRef = A7A10D051E86A6C20040DA21 /* TrainToChangiTests.swift */; };
		A7A10D0E1E86A6CC0040DA21 /* CommandDataListTests.swift in Sources */ = {isa = PBXBuildFile; fileRef = A7A10D0D1E86A6CC0040DA21 /* CommandDataListTests.swift */; };
		A7D163471E90C55E0073EC46 /* Storage.swift in Sources */ = {isa = PBXBuildFile; fileRef = A7D163461E90C55E0073EC46 /* Storage.swift */; };
		A7D1634A1E90CC9D0073EC46 /* Levels.swift in Sources */ = {isa = PBXBuildFile; fileRef = A7D163491E90CC9D0073EC46 /* Levels.swift */; };
		D70CFCC31E7C279C00D28B86 /* CommandData.swift in Sources */ = {isa = PBXBuildFile; fileRef = D70CFCC21E7C279C00D28B86 /* CommandData.swift */; };
		D71B88551E86AAC1006BC3E9 /* main-track.mp3 in Resources */ = {isa = PBXBuildFile; fileRef = D71B88541E86AAC1006BC3E9 /* main-track.mp3 */; };
		D7430DE91E88D9F900B84F14 /* GameLogic.swift in Sources */ = {isa = PBXBuildFile; fileRef = D7430DE81E88D9F900B84F14 /* GameLogic.swift */; };
		D744CA511E7959F9004CCABD /* RunStateUpdater.swift in Sources */ = {isa = PBXBuildFile; fileRef = D744CA501E7959F9004CCABD /* RunStateUpdater.swift */; };
		D744CA551E79715C004CCABD /* ExecutionError.swift in Sources */ = {isa = PBXBuildFile; fileRef = D744CA541E79715C004CCABD /* ExecutionError.swift */; };
		D744CA661E7A387F004CCABD /* Level.swift in Sources */ = {isa = PBXBuildFile; fileRef = D744CA641E7A387F004CCABD /* Level.swift */; };
		D744CA691E7A38D7004CCABD /* StorageManager.swift in Sources */ = {isa = PBXBuildFile; fileRef = D744CA681E7A38D7004CCABD /* StorageManager.swift */; };
		D75BC4261E76BA9000ED2A1B /* Command.swift in Sources */ = {isa = PBXBuildFile; fileRef = D75BC4251E76BA9000ED2A1B /* Command.swift */; };
		D75BC4281E76C3A500ED2A1B /* AddCommand.swift in Sources */ = {isa = PBXBuildFile; fileRef = D75BC4271E76C3A500ED2A1B /* AddCommand.swift */; };
		D75BC42C1E76C55600ED2A1B /* LogicManager.swift in Sources */ = {isa = PBXBuildFile; fileRef = D75BC42B1E76C55600ED2A1B /* LogicManager.swift */; };
		D75BC42E1E76C6D200ED2A1B /* InboxCommand.swift in Sources */ = {isa = PBXBuildFile; fileRef = D75BC42D1E76C6D200ED2A1B /* InboxCommand.swift */; };
		D75BC4321E76D6CA00ED2A1B /* OutboxCommand.swift in Sources */ = {isa = PBXBuildFile; fileRef = D75BC4311E76D6CA00ED2A1B /* OutboxCommand.swift */; };
		D76FA8271E76ADC400CCCFBE /* AppDelegate.swift in Sources */ = {isa = PBXBuildFile; fileRef = D76FA8261E76ADC400CCCFBE /* AppDelegate.swift */; };
		D76FA82D1E76ADC400CCCFBE /* GameScene.swift in Sources */ = {isa = PBXBuildFile; fileRef = D76FA82C1E76ADC400CCCFBE /* GameScene.swift */; };
		D76FA82F1E76ADC400CCCFBE /* GameViewController.swift in Sources */ = {isa = PBXBuildFile; fileRef = D76FA82E1E76ADC400CCCFBE /* GameViewController.swift */; };
		D76FA8321E76ADC400CCCFBE /* Main.storyboard in Resources */ = {isa = PBXBuildFile; fileRef = D76FA8301E76ADC400CCCFBE /* Main.storyboard */; settings = {ASSET_TAGS = (bu, ); }; };
		D76FA8341E76ADC400CCCFBE /* Assets.xcassets in Resources */ = {isa = PBXBuildFile; fileRef = D76FA8331E76ADC400CCCFBE /* Assets.xcassets */; };
		D76FA8371E76ADC400CCCFBE /* LaunchScreen.storyboard in Resources */ = {isa = PBXBuildFile; fileRef = D76FA8351E76ADC400CCCFBE /* LaunchScreen.storyboard */; };
		D7983CE21E76D9A400E650ED /* JumpCommand.swift in Sources */ = {isa = PBXBuildFile; fileRef = D7983CE11E76D9A400E650ED /* JumpCommand.swift */; };
		D7983CE61E76E99C00E650ED /* Queue.swift in Sources */ = {isa = PBXBuildFile; fileRef = D7983CE51E76E99C00E650ED /* Queue.swift */; };
		D7A267D11E7796B800DE5774 /* CommandResult.swift in Sources */ = {isa = PBXBuildFile; fileRef = D7A267D01E7796B800DE5774 /* CommandResult.swift */; };
		D7A267D31E7796BD00DE5774 /* Constants.swift in Sources */ = {isa = PBXBuildFile; fileRef = D7A267D21E7796BD00DE5774 /* Constants.swift */; };
		D7A267D61E7796C300DE5774 /* CopyFromCommand.swift in Sources */ = {isa = PBXBuildFile; fileRef = D7A267D41E7796C300DE5774 /* CopyFromCommand.swift */; };
		D7A267D71E7796C300DE5774 /* CopyToCommand.swift in Sources */ = {isa = PBXBuildFile; fileRef = D7A267D51E7796C300DE5774 /* CopyToCommand.swift */; };
		D7A267DD1E77A01D00DE5774 /* Stack.swift in Sources */ = {isa = PBXBuildFile; fileRef = D7A267DC1E77A01D00DE5774 /* Stack.swift */; };
		D7A267E11E77ABEB00DE5774 /* Model.swift in Sources */ = {isa = PBXBuildFile; fileRef = D7A267E01E77ABEB00DE5774 /* Model.swift */; };
		D7C22B551E9523A200A55324 /* JumpTarget.swift in Sources */ = {isa = PBXBuildFile; fileRef = D7C22B541E9523A200A55324 /* JumpTarget.swift */; };
		D7CEF1321E78EBBB00564FF5 /* CommandDataParser.swift in Sources */ = {isa = PBXBuildFile; fileRef = D7CEF1311E78EBBB00564FF5 /* CommandDataParser.swift */; };
		D7D49CD91E86A7A700135605 /* AudioPlayer.swift in Sources */ = {isa = PBXBuildFile; fileRef = D7D49CD81E86A7A700135605 /* AudioPlayer.swift */; };
		D7E0E74A1E84B78500237705 /* Tiles.sks in Resources */ = {isa = PBXBuildFile; fileRef = D7E0E7491E84B78500237705 /* Tiles.sks */; };
/* End PBXBuildFile section */

/* Begin PBXContainerItemProxy section */
		A7A10D081E86A6C20040DA21 /* PBXContainerItemProxy */ = {
			isa = PBXContainerItemProxy;
			containerPortal = D76FA81B1E76ADC400CCCFBE /* Project object */;
			proxyType = 1;
			remoteGlobalIDString = D76FA8221E76ADC400CCCFBE;
			remoteInfo = TrainToChangi;
		};
/* End PBXContainerItemProxy section */

/* Begin PBXFileReference section */
		22DC750125724E9BA28BA9EB /* Memory.swift */ = {isa = PBXFileReference; fileEncoding = 4; lastKnownFileType = sourcecode.swift; path = Memory.swift; sourceTree = "<group>"; };
		22DC76E5DD3EDF7200D38E08 /* CGPoint+.swift */ = {isa = PBXFileReference; fileEncoding = 4; lastKnownFileType = sourcecode.swift; path = "CGPoint+.swift"; sourceTree = "<group>"; };
		22DC76E79326E3E327A4B086 /* MemorySlot.swift */ = {isa = PBXFileReference; fileEncoding = 4; lastKnownFileType = sourcecode.swift; path = MemorySlot.swift; sourceTree = "<group>"; };
		22DC7A12469B8258C38128E2 /* Payload.swift */ = {isa = PBXFileReference; fileEncoding = 4; lastKnownFileType = sourcecode.swift; path = Payload.swift; sourceTree = "<group>"; };
		38AF24F8831559F296F10573 /* Pods-TrainToChangiTests.release.xcconfig */ = {isa = PBXFileReference; includeInIndex = 1; lastKnownFileType = text.xcconfig; name = "Pods-TrainToChangiTests.release.xcconfig"; path = "Pods/Target Support Files/Pods-TrainToChangiTests/Pods-TrainToChangiTests.release.xcconfig"; sourceTree = "<group>"; };
		3B04A7D31E8BE13C00B317ED /* CollectionViewControllersExtensions.swift */ = {isa = PBXFileReference; fileEncoding = 4; lastKnownFileType = sourcecode.swift; path = CollectionViewControllersExtensions.swift; sourceTree = "<group>"; };
		3B05F91E1E94FFBF009B4F5F /* SpeechBubbleSprite.swift */ = {isa = PBXFileReference; fileEncoding = 4; lastKnownFileType = sourcecode.swift; path = SpeechBubbleSprite.swift; sourceTree = "<group>"; };
		3B10D8481E9272C300EFCDAC /* ArrowView.swift */ = {isa = PBXFileReference; fileEncoding = 4; lastKnownFileType = sourcecode.swift; path = ArrowView.swift; sourceTree = "<group>"; };
		3B16804A1E778773002286F6 /* ModelManager.swift */ = {isa = PBXFileReference; fileEncoding = 4; lastKnownFileType = sourcecode.swift; path = ModelManager.swift; sourceTree = "<group>"; };
		3B1680501E778A2D002286F6 /* LevelState.swift */ = {isa = PBXFileReference; fileEncoding = 4; lastKnownFileType = sourcecode.swift; path = LevelState.swift; sourceTree = "<group>"; };
		3B1680521E77D6F7002286F6 /* RunState.swift */ = {isa = PBXFileReference; fileEncoding = 4; lastKnownFileType = sourcecode.swift; path = RunState.swift; sourceTree = "<group>"; };
		3B6D984F1E88FCD70026872B /* EditorViewController.swift */ = {isa = PBXFileReference; fileEncoding = 4; lastKnownFileType = sourcecode.swift; path = EditorViewController.swift; sourceTree = "<group>"; };
		3B6D98511E88FE970026872B /* ControlPanelViewController.swift */ = {isa = PBXFileReference; fileEncoding = 4; lastKnownFileType = sourcecode.swift; path = ControlPanelViewController.swift; sourceTree = "<group>"; };
		3B6D98531E8904500026872B /* AnimationHelper.swift */ = {isa = PBXFileReference; fileEncoding = 4; lastKnownFileType = sourcecode.swift; path = AnimationHelper.swift; sourceTree = "<group>"; };
		3B6D98581E89129C0026872B /* UIEntityDrawer.swift */ = {isa = PBXFileReference; fileEncoding = 4; lastKnownFileType = sourcecode.swift; path = UIEntityDrawer.swift; sourceTree = "<group>"; };
		3B78A68B1E9124CF00A652D9 /* DragDropViewController.swift */ = {isa = PBXFileReference; fileEncoding = 4; lastKnownFileType = sourcecode.swift; path = DragDropViewController.swift; sourceTree = "<group>"; };
		3B78A68D1E91545700A652D9 /* LineNumberCell.swift */ = {isa = PBXFileReference; fileEncoding = 4; lastKnownFileType = sourcecode.swift; path = LineNumberCell.swift; sourceTree = "<group>"; };
		3B78A6921E915A1E00A652D9 /* LineNumberViewController.swift */ = {isa = PBXFileReference; fileEncoding = 4; lastKnownFileType = sourcecode.swift; path = LineNumberViewController.swift; sourceTree = "<group>"; };
		3BC852BE1E94833B0098042A /* JediSprite.swift */ = {isa = PBXFileReference; fileEncoding = 4; lastKnownFileType = sourcecode.swift; path = JediSprite.swift; sourceTree = "<group>"; };
		3BD7EF9B1E812F790029EA57 /* Levels.plist */ = {isa = PBXFileReference; fileEncoding = 4; lastKnownFileType = text.plist.xml; path = Levels.plist; sourceTree = "<group>"; };
		3BD7EF9D1E8146350029EA57 /* SavedLevel.plist */ = {isa = PBXFileReference; fileEncoding = 4; lastKnownFileType = text.plist.xml; path = SavedLevel.plist; sourceTree = "<group>"; };
		643F58446F16E7D83958F6FB /* Pods-TrainToChangiTests.debug.xcconfig */ = {isa = PBXFileReference; includeInIndex = 1; lastKnownFileType = text.xcconfig; name = "Pods-TrainToChangiTests.debug.xcconfig"; path = "Pods/Target Support Files/Pods-TrainToChangiTests/Pods-TrainToChangiTests.debug.xcconfig"; sourceTree = "<group>"; };
		76745B6C1E8855870039A771 /* MapScene.sks */ = {isa = PBXFileReference; lastKnownFileType = file.sks; path = MapScene.sks; sourceTree = "<group>"; };
		76745B6E1E8857EC0039A771 /* MapScene.swift */ = {isa = PBXFileReference; fileEncoding = 4; lastKnownFileType = sourcecode.swift; path = MapScene.swift; sourceTree = "<group>"; };
		76745B731E885A030039A771 /* MapViewController.swift */ = {isa = PBXFileReference; fileEncoding = 4; lastKnownFileType = sourcecode.swift; path = MapViewController.swift; sourceTree = "<group>"; };
		76E0F66C1E88F9B40051325C /* StationLevelNode.swift */ = {isa = PBXFileReference; fileEncoding = 4; lastKnownFileType = sourcecode.swift; path = StationLevelNode.swift; sourceTree = "<group>"; };
		A682A4AB4C1E8DBE0E5FEAF2 /* Pods_TrainToChangi.framework */ = {isa = PBXFileReference; explicitFileType = wrapper.framework; includeInIndex = 0; path = Pods_TrainToChangi.framework; sourceTree = BUILT_PRODUCTS_DIR; };
		A71209681E81888A0039B257 /* Logic.swift */ = {isa = PBXFileReference; fileEncoding = 4; lastKnownFileType = sourcecode.swift; path = Logic.swift; sourceTree = "<group>"; };
		A712096A1E8189060039B257 /* CommandCell.swift */ = {isa = PBXFileReference; fileEncoding = 4; lastKnownFileType = sourcecode.swift; path = CommandCell.swift; sourceTree = "<group>"; };
		A77AAE9A1E8D341100261A3A /* CommandDataListInfo.swift */ = {isa = PBXFileReference; fileEncoding = 4; lastKnownFileType = sourcecode.swift; path = CommandDataListInfo.swift; sourceTree = "<group>"; };
		A7A10CE91E865AD10040DA21 /* CommandDataList.swift */ = {isa = PBXFileReference; fileEncoding = 4; lastKnownFileType = sourcecode.swift; path = CommandDataList.swift; sourceTree = "<group>"; };
		A7A10CEA1E865AD10040DA21 /* LevelData.swift */ = {isa = PBXFileReference; fileEncoding = 4; lastKnownFileType = sourcecode.swift; path = LevelData.swift; sourceTree = "<group>"; };
		A7A10CEB1E865AD10040DA21 /* LevelManager.swift */ = {isa = PBXFileReference; fileEncoding = 4; lastKnownFileType = sourcecode.swift; path = LevelManager.swift; sourceTree = "<group>"; };
		A7A10CEC1E865AD10040DA21 /* UserData.swift */ = {isa = PBXFileReference; fileEncoding = 4; lastKnownFileType = sourcecode.swift; path = UserData.swift; sourceTree = "<group>"; };
		A7A10D031E86A6C20040DA21 /* TrainToChangiTests.xctest */ = {isa = PBXFileReference; explicitFileType = wrapper.cfbundle; includeInIndex = 0; path = TrainToChangiTests.xctest; sourceTree = BUILT_PRODUCTS_DIR; };
		A7A10D051E86A6C20040DA21 /* TrainToChangiTests.swift */ = {isa = PBXFileReference; lastKnownFileType = sourcecode.swift; path = TrainToChangiTests.swift; sourceTree = "<group>"; };
		A7A10D071E86A6C20040DA21 /* Info.plist */ = {isa = PBXFileReference; lastKnownFileType = text.plist.xml; path = Info.plist; sourceTree = "<group>"; };
		A7A10D0D1E86A6CC0040DA21 /* CommandDataListTests.swift */ = {isa = PBXFileReference; fileEncoding = 4; lastKnownFileType = sourcecode.swift; path = CommandDataListTests.swift; sourceTree = "<group>"; };
		A7D163461E90C55E0073EC46 /* Storage.swift */ = {isa = PBXFileReference; fileEncoding = 4; lastKnownFileType = sourcecode.swift; path = Storage.swift; sourceTree = "<group>"; };
		A7D163491E90CC9D0073EC46 /* Levels.swift */ = {isa = PBXFileReference; fileEncoding = 4; lastKnownFileType = sourcecode.swift; path = Levels.swift; sourceTree = "<group>"; };
		C3CE013B2C315609DC5674DE /* Pods-TrainToChangi.release.xcconfig */ = {isa = PBXFileReference; includeInIndex = 1; lastKnownFileType = text.xcconfig; name = "Pods-TrainToChangi.release.xcconfig"; path = "Pods/Target Support Files/Pods-TrainToChangi/Pods-TrainToChangi.release.xcconfig"; sourceTree = "<group>"; };
		D70CFCC21E7C279C00D28B86 /* CommandData.swift */ = {isa = PBXFileReference; fileEncoding = 4; lastKnownFileType = sourcecode.swift; path = CommandData.swift; sourceTree = "<group>"; };
		D71B88541E86AAC1006BC3E9 /* main-track.mp3 */ = {isa = PBXFileReference; lastKnownFileType = audio.mp3; name = "main-track.mp3"; path = "Audio/main-track.mp3"; sourceTree = SOURCE_ROOT; };
		D7430DE81E88D9F900B84F14 /* GameLogic.swift */ = {isa = PBXFileReference; fileEncoding = 4; lastKnownFileType = sourcecode.swift; path = GameLogic.swift; sourceTree = "<group>"; };
		D744CA501E7959F9004CCABD /* RunStateUpdater.swift */ = {isa = PBXFileReference; fileEncoding = 4; lastKnownFileType = sourcecode.swift; path = RunStateUpdater.swift; sourceTree = "<group>"; };
		D744CA541E79715C004CCABD /* ExecutionError.swift */ = {isa = PBXFileReference; fileEncoding = 4; lastKnownFileType = sourcecode.swift; path = ExecutionError.swift; sourceTree = "<group>"; };
		D744CA641E7A387F004CCABD /* Level.swift */ = {isa = PBXFileReference; fileEncoding = 4; lastKnownFileType = sourcecode.swift; path = Level.swift; sourceTree = "<group>"; };
		D744CA681E7A38D7004CCABD /* StorageManager.swift */ = {isa = PBXFileReference; fileEncoding = 4; lastKnownFileType = sourcecode.swift; path = StorageManager.swift; sourceTree = "<group>"; };
		D75BC4251E76BA9000ED2A1B /* Command.swift */ = {isa = PBXFileReference; fileEncoding = 4; lastKnownFileType = sourcecode.swift; path = Command.swift; sourceTree = "<group>"; };
		D75BC4271E76C3A500ED2A1B /* AddCommand.swift */ = {isa = PBXFileReference; fileEncoding = 4; lastKnownFileType = sourcecode.swift; path = AddCommand.swift; sourceTree = "<group>"; };
		D75BC42B1E76C55600ED2A1B /* LogicManager.swift */ = {isa = PBXFileReference; fileEncoding = 4; lastKnownFileType = sourcecode.swift; path = LogicManager.swift; sourceTree = "<group>"; };
		D75BC42D1E76C6D200ED2A1B /* InboxCommand.swift */ = {isa = PBXFileReference; fileEncoding = 4; lastKnownFileType = sourcecode.swift; path = InboxCommand.swift; sourceTree = "<group>"; };
		D75BC4311E76D6CA00ED2A1B /* OutboxCommand.swift */ = {isa = PBXFileReference; fileEncoding = 4; lastKnownFileType = sourcecode.swift; path = OutboxCommand.swift; sourceTree = "<group>"; };
		D76FA8231E76ADC400CCCFBE /* TrainToChangi.app */ = {isa = PBXFileReference; explicitFileType = wrapper.application; includeInIndex = 0; path = TrainToChangi.app; sourceTree = BUILT_PRODUCTS_DIR; };
		D76FA8261E76ADC400CCCFBE /* AppDelegate.swift */ = {isa = PBXFileReference; lastKnownFileType = sourcecode.swift; path = AppDelegate.swift; sourceTree = "<group>"; };
		D76FA82C1E76ADC400CCCFBE /* GameScene.swift */ = {isa = PBXFileReference; lastKnownFileType = sourcecode.swift; path = GameScene.swift; sourceTree = "<group>"; };
		D76FA82E1E76ADC400CCCFBE /* GameViewController.swift */ = {isa = PBXFileReference; lastKnownFileType = sourcecode.swift; path = GameViewController.swift; sourceTree = "<group>"; };
		D76FA8311E76ADC400CCCFBE /* Base */ = {isa = PBXFileReference; lastKnownFileType = file.storyboard; name = Base; path = Base.lproj/Main.storyboard; sourceTree = "<group>"; };
		D76FA8331E76ADC400CCCFBE /* Assets.xcassets */ = {isa = PBXFileReference; lastKnownFileType = folder.assetcatalog; path = Assets.xcassets; sourceTree = "<group>"; };
		D76FA8361E76ADC400CCCFBE /* Base */ = {isa = PBXFileReference; lastKnownFileType = file.storyboard; name = Base; path = Base.lproj/LaunchScreen.storyboard; sourceTree = "<group>"; };
		D76FA8381E76ADC400CCCFBE /* Info.plist */ = {isa = PBXFileReference; lastKnownFileType = text.plist.xml; path = Info.plist; sourceTree = "<group>"; };
		D7983CE11E76D9A400E650ED /* JumpCommand.swift */ = {isa = PBXFileReference; fileEncoding = 4; lastKnownFileType = sourcecode.swift; path = JumpCommand.swift; sourceTree = "<group>"; };
		D7983CE51E76E99C00E650ED /* Queue.swift */ = {isa = PBXFileReference; fileEncoding = 4; lastKnownFileType = sourcecode.swift; path = Queue.swift; sourceTree = "<group>"; };
		D7A267D01E7796B800DE5774 /* CommandResult.swift */ = {isa = PBXFileReference; fileEncoding = 4; lastKnownFileType = sourcecode.swift; path = CommandResult.swift; sourceTree = "<group>"; };
		D7A267D21E7796BD00DE5774 /* Constants.swift */ = {isa = PBXFileReference; fileEncoding = 4; lastKnownFileType = sourcecode.swift; path = Constants.swift; sourceTree = "<group>"; };
		D7A267D41E7796C300DE5774 /* CopyFromCommand.swift */ = {isa = PBXFileReference; fileEncoding = 4; lastKnownFileType = sourcecode.swift; path = CopyFromCommand.swift; sourceTree = "<group>"; };
		D7A267D51E7796C300DE5774 /* CopyToCommand.swift */ = {isa = PBXFileReference; fileEncoding = 4; lastKnownFileType = sourcecode.swift; path = CopyToCommand.swift; sourceTree = "<group>"; };
		D7A267DC1E77A01D00DE5774 /* Stack.swift */ = {isa = PBXFileReference; fileEncoding = 4; lastKnownFileType = sourcecode.swift; path = Stack.swift; sourceTree = "<group>"; };
		D7A267E01E77ABEB00DE5774 /* Model.swift */ = {isa = PBXFileReference; fileEncoding = 4; lastKnownFileType = sourcecode.swift; path = Model.swift; sourceTree = "<group>"; };
		D7C22B541E9523A200A55324 /* JumpTarget.swift */ = {isa = PBXFileReference; fileEncoding = 4; lastKnownFileType = sourcecode.swift; path = JumpTarget.swift; sourceTree = "<group>"; };
		D7CEF1311E78EBBB00564FF5 /* CommandDataParser.swift */ = {isa = PBXFileReference; fileEncoding = 4; lastKnownFileType = sourcecode.swift; path = CommandDataParser.swift; sourceTree = "<group>"; };
		D7D49CD81E86A7A700135605 /* AudioPlayer.swift */ = {isa = PBXFileReference; fileEncoding = 4; lastKnownFileType = sourcecode.swift; path = AudioPlayer.swift; sourceTree = "<group>"; };
		D7E0E7491E84B78500237705 /* Tiles.sks */ = {isa = PBXFileReference; lastKnownFileType = file.sks; path = Tiles.sks; sourceTree = "<group>"; };
		D98EFC6425D995706C76BD89 /* Pods_TrainToChangiTests.framework */ = {isa = PBXFileReference; explicitFileType = wrapper.framework; includeInIndex = 0; path = Pods_TrainToChangiTests.framework; sourceTree = BUILT_PRODUCTS_DIR; };
		DE4ACA4D67B2ADA36C1AF96F /* Pods-TrainToChangi.debug.xcconfig */ = {isa = PBXFileReference; includeInIndex = 1; lastKnownFileType = text.xcconfig; name = "Pods-TrainToChangi.debug.xcconfig"; path = "Pods/Target Support Files/Pods-TrainToChangi/Pods-TrainToChangi.debug.xcconfig"; sourceTree = "<group>"; };
/* End PBXFileReference section */

/* Begin PBXFrameworksBuildPhase section */
		A7A10D001E86A6C20040DA21 /* Frameworks */ = {
			isa = PBXFrameworksBuildPhase;
			buildActionMask = 2147483647;
			files = (
			);
			runOnlyForDeploymentPostprocessing = 0;
		};
		D76FA8201E76ADC400CCCFBE /* Frameworks */ = {
			isa = PBXFrameworksBuildPhase;
			buildActionMask = 2147483647;
			files = (
			);
			runOnlyForDeploymentPostprocessing = 0;
		};
/* End PBXFrameworksBuildPhase section */

/* Begin PBXGroup section */
		3B1680421E778484002286F6 /* Commons */ = {
			isa = PBXGroup;
			children = (
				D71B88541E86AAC1006BC3E9 /* main-track.mp3 */,
				D7A267D21E7796BD00DE5774 /* Constants.swift */,
				D7983CE51E76E99C00E650ED /* Queue.swift */,
				D7A267DC1E77A01D00DE5774 /* Stack.swift */,
				D7D49CD81E86A7A700135605 /* AudioPlayer.swift */,
				22DC76E5DD3EDF7200D38E08 /* CGPoint+.swift */,
			);
			name = Commons;
			sourceTree = "<group>";
		};
		3B1680431E77848E002286F6 /* Commands */ = {
			isa = PBXGroup;
			children = (
				D75BC4251E76BA9000ED2A1B /* Command.swift */,
				D70CFCC21E7C279C00D28B86 /* CommandData.swift */,
				D744CA541E79715C004CCABD /* ExecutionError.swift */,
				D7A267D01E7796B800DE5774 /* CommandResult.swift */,
				D75BC42D1E76C6D200ED2A1B /* InboxCommand.swift */,
				D75BC4311E76D6CA00ED2A1B /* OutboxCommand.swift */,
				D7A267D41E7796C300DE5774 /* CopyFromCommand.swift */,
				D7A267D51E7796C300DE5774 /* CopyToCommand.swift */,
				D75BC4271E76C3A500ED2A1B /* AddCommand.swift */,
				D7983CE11E76D9A400E650ED /* JumpCommand.swift */,
				D7C22B541E9523A200A55324 /* JumpTarget.swift */,
			);
			name = Commands;
			sourceTree = "<group>";
		};
		3B1680451E7784B3002286F6 /* Model */ = {
			isa = PBXGroup;
			children = (
				D744CA641E7A387F004CCABD /* Level.swift */,
				A7A10CEB1E865AD10040DA21 /* LevelManager.swift */,
				A7A10CE91E865AD10040DA21 /* CommandDataList.swift */,
				A77AAE9A1E8D341100261A3A /* CommandDataListInfo.swift */,
				3B1680521E77D6F7002286F6 /* RunState.swift */,
				3B1680501E778A2D002286F6 /* LevelState.swift */,
				3B16804A1E778773002286F6 /* ModelManager.swift */,
				D7A267E01E77ABEB00DE5774 /* Model.swift */,
			);
			name = Model;
			sourceTree = "<group>";
		};
		3B16804C1E778779002286F6 /* Logic */ = {
			isa = PBXGroup;
			children = (
				D75BC42B1E76C55600ED2A1B /* LogicManager.swift */,
				A71209681E81888A0039B257 /* Logic.swift */,
				D7CEF1311E78EBBB00564FF5 /* CommandDataParser.swift */,
				D744CA501E7959F9004CCABD /* RunStateUpdater.swift */,
				D7430DE81E88D9F900B84F14 /* GameLogic.swift */,
				3B1680431E77848E002286F6 /* Commands */,
			);
			name = Logic;
			sourceTree = "<group>";
		};
		3B16804D1E778785002286F6 /* UI */ = {
			isa = PBXGroup;
			children = (
				3B78A68A1E90CD1100A652D9 /* Sprites */,
				3B78A6881E90CCC100A652D9 /* Scene */,
				76745B721E88598D0039A771 /* ViewController */,
				76745B711E8859890039A771 /* View */,
				76745B701E88590A0039A771 /* InterfaceBuilder */,
				3B6D98551E8904DF0026872B /* Helpers */,
			);
			name = UI;
			sourceTree = "<group>";
		};
		3B6D98551E8904DF0026872B /* Helpers */ = {
			isa = PBXGroup;
			children = (
				3B6D98581E89129C0026872B /* UIEntityDrawer.swift */,
				3B6D98531E8904500026872B /* AnimationHelper.swift */,
			);
			name = Helpers;
			sourceTree = "<group>";
		};
		3B78A6881E90CCC100A652D9 /* Scene */ = {
			isa = PBXGroup;
			children = (
				76745B6E1E8857EC0039A771 /* MapScene.swift */,
				D76FA82C1E76ADC400CCCFBE /* GameScene.swift */,
			);
			name = Scene;
			sourceTree = "<group>";
		};
		3B78A68A1E90CD1100A652D9 /* Sprites */ = {
			isa = PBXGroup;
			children = (
				76E0F66C1E88F9B40051325C /* StationLevelNode.swift */,
				22DC750125724E9BA28BA9EB /* Memory.swift */,
				22DC76E79326E3E327A4B086 /* MemorySlot.swift */,
				22DC7A12469B8258C38128E2 /* Payload.swift */,
				3BC852BE1E94833B0098042A /* JediSprite.swift */,
				3B05F91E1E94FFBF009B4F5F /* SpeechBubbleSprite.swift */,
			);
			name = Sprites;
			sourceTree = "<group>";
		};
		3B78A6911E91554F00A652D9 /* Extensions */ = {
			isa = PBXGroup;
			children = (
				3B04A7D31E8BE13C00B317ED /* CollectionViewControllersExtensions.swift */,
			);
			name = Extensions;
			sourceTree = "<group>";
		};
		3BD7EF911E811DB50029EA57 /* Storage */ = {
			isa = PBXGroup;
			children = (
				D744CA681E7A38D7004CCABD /* StorageManager.swift */,
				A7D163461E90C55E0073EC46 /* Storage.swift */,
				A7A10CEC1E865AD10040DA21 /* UserData.swift */,
			);
			name = Storage;
			sourceTree = "<group>";
		};
		4AF3A78D82E761EB3D5635BA /* Pods */ = {
			isa = PBXGroup;
			children = (
				DE4ACA4D67B2ADA36C1AF96F /* Pods-TrainToChangi.debug.xcconfig */,
				C3CE013B2C315609DC5674DE /* Pods-TrainToChangi.release.xcconfig */,
				643F58446F16E7D83958F6FB /* Pods-TrainToChangiTests.debug.xcconfig */,
				38AF24F8831559F296F10573 /* Pods-TrainToChangiTests.release.xcconfig */,
			);
			name = Pods;
			sourceTree = "<group>";
		};
		76745B701E88590A0039A771 /* InterfaceBuilder */ = {
			isa = PBXGroup;
			children = (
				D7E0E7491E84B78500237705 /* Tiles.sks */,
				D76FA8301E76ADC400CCCFBE /* Main.storyboard */,
				D76FA8351E76ADC400CCCFBE /* LaunchScreen.storyboard */,
				76745B6C1E8855870039A771 /* MapScene.sks */,
			);
			name = InterfaceBuilder;
			sourceTree = "<group>";
		};
		76745B711E8859890039A771 /* View */ = {
			isa = PBXGroup;
			children = (
				A712096A1E8189060039B257 /* CommandCell.swift */,
				3B78A68D1E91545700A652D9 /* LineNumberCell.swift */,
				3B10D8481E9272C300EFCDAC /* ArrowView.swift */,
			);
			name = View;
			sourceTree = "<group>";
		};
		76745B721E88598D0039A771 /* ViewController */ = {
			isa = PBXGroup;
			children = (
				3B78A6911E91554F00A652D9 /* Extensions */,
				76745B731E885A030039A771 /* MapViewController.swift */,
				D76FA82E1E76ADC400CCCFBE /* GameViewController.swift */,
				3B6D984F1E88FCD70026872B /* EditorViewController.swift */,
				3B78A6921E915A1E00A652D9 /* LineNumberViewController.swift */,
				3B78A68B1E9124CF00A652D9 /* DragDropViewController.swift */,
				3B6D98511E88FE970026872B /* ControlPanelViewController.swift */,
			);
			name = ViewController;
			sourceTree = "<group>";
		};
		9B63AE3251D6DD16A6115493 /* Frameworks */ = {
			isa = PBXGroup;
			children = (
				A682A4AB4C1E8DBE0E5FEAF2 /* Pods_TrainToChangi.framework */,
				D98EFC6425D995706C76BD89 /* Pods_TrainToChangiTests.framework */,
			);
			name = Frameworks;
			sourceTree = "<group>";
		};
		A7A10D041E86A6C20040DA21 /* TrainToChangiTests */ = {
			isa = PBXGroup;
			children = (
				A7A10D051E86A6C20040DA21 /* TrainToChangiTests.swift */,
				A7A10D0F1E86A7260040DA21 /* ModelTests */,
				A7A10D071E86A6C20040DA21 /* Info.plist */,
			);
			path = TrainToChangiTests;
			sourceTree = "<group>";
		};
		A7A10D0F1E86A7260040DA21 /* ModelTests */ = {
			isa = PBXGroup;
			children = (
				A7A10D0D1E86A6CC0040DA21 /* CommandDataListTests.swift */,
			);
			name = ModelTests;
			sourceTree = "<group>";
		};
		A7D163481E90CC860073EC46 /* Levels */ = {
			isa = PBXGroup;
			children = (
				A7D163491E90CC9D0073EC46 /* Levels.swift */,
				A7A10CEA1E865AD10040DA21 /* LevelData.swift */,
			);
			name = Levels;
			sourceTree = "<group>";
		};
		D76FA81A1E76ADC400CCCFBE = {
			isa = PBXGroup;
			children = (
				D76FA8251E76ADC400CCCFBE /* TrainToChangi */,
				A7A10D041E86A6C20040DA21 /* TrainToChangiTests */,
				D76FA8241E76ADC400CCCFBE /* Products */,
				4AF3A78D82E761EB3D5635BA /* Pods */,
				9B63AE3251D6DD16A6115493 /* Frameworks */,
			);
			sourceTree = "<group>";
		};
		D76FA8241E76ADC400CCCFBE /* Products */ = {
			isa = PBXGroup;
			children = (
				D76FA8231E76ADC400CCCFBE /* TrainToChangi.app */,
				A7A10D031E86A6C20040DA21 /* TrainToChangiTests.xctest */,
			);
			name = Products;
			sourceTree = "<group>";
		};
		D76FA8251E76ADC400CCCFBE /* TrainToChangi */ = {
			isa = PBXGroup;
			children = (
				A7D163481E90CC860073EC46 /* Levels */,
				3BD7EF911E811DB50029EA57 /* Storage */,
				3B16804D1E778785002286F6 /* UI */,
				3B16804C1E778779002286F6 /* Logic */,
				3B1680451E7784B3002286F6 /* Model */,
				3B1680421E778484002286F6 /* Commons */,
				D76FA8261E76ADC400CCCFBE /* AppDelegate.swift */,
				D76FA8331E76ADC400CCCFBE /* Assets.xcassets */,
				D76FA8381E76ADC400CCCFBE /* Info.plist */,
				3BD7EF9B1E812F790029EA57 /* Levels.plist */,
				3BD7EF9D1E8146350029EA57 /* SavedLevel.plist */,
			);
			path = TrainToChangi;
			sourceTree = "<group>";
		};
/* End PBXGroup section */

/* Begin PBXNativeTarget section */
		A7A10D021E86A6C20040DA21 /* TrainToChangiTests */ = {
			isa = PBXNativeTarget;
			buildConfigurationList = A7A10D0A1E86A6C20040DA21 /* Build configuration list for PBXNativeTarget "TrainToChangiTests" */;
			buildPhases = (
				A7A10CFF1E86A6C20040DA21 /* Sources */,
				A7A10D001E86A6C20040DA21 /* Frameworks */,
				A7A10D011E86A6C20040DA21 /* Resources */,
			);
			buildRules = (
			);
			dependencies = (
				A7A10D091E86A6C20040DA21 /* PBXTargetDependency */,
			);
			name = TrainToChangiTests;
			productName = TrainToChangiTests;
			productReference = A7A10D031E86A6C20040DA21 /* TrainToChangiTests.xctest */;
			productType = "com.apple.product-type.bundle.unit-test";
		};
		D76FA8221E76ADC400CCCFBE /* TrainToChangi */ = {
			isa = PBXNativeTarget;
			buildConfigurationList = D76FA8461E76ADC500CCCFBE /* Build configuration list for PBXNativeTarget "TrainToChangi" */;
			buildPhases = (
				A4D9EF6DB2B34DD297C4FE51 /* [CP] Check Pods Manifest.lock */,
				D76FA81F1E76ADC400CCCFBE /* Sources */,
				D76FA8201E76ADC400CCCFBE /* Frameworks */,
				D76FA8211E76ADC400CCCFBE /* Resources */,
				1311FF30693C1E252DAE6B30 /* [CP] Embed Pods Frameworks */,
				AE679B242E83D7F79379E62E /* [CP] Copy Pods Resources */,
				D75BC4241E76AE8100ED2A1B /* ShellScript */,
			);
			buildRules = (
			);
			dependencies = (
			);
			name = TrainToChangi;
			productName = TrainToChangi;
			productReference = D76FA8231E76ADC400CCCFBE /* TrainToChangi.app */;
			productType = "com.apple.product-type.application";
		};
/* End PBXNativeTarget section */

/* Begin PBXProject section */
		D76FA81B1E76ADC400CCCFBE /* Project object */ = {
			isa = PBXProject;
			attributes = {
				KnownAssetTags = (
					bu,
				);
				LastSwiftUpdateCheck = 0820;
				LastUpgradeCheck = 0820;
				ORGANIZATIONNAME = nus.cs3217.a0139655u;
				TargetAttributes = {
					A7A10D021E86A6C20040DA21 = {
						CreatedOnToolsVersion = 8.2.1;
						DevelopmentTeam = W76H98A34A;
						ProvisioningStyle = Automatic;
						TestTargetID = D76FA8221E76ADC400CCCFBE;
					};
					D76FA8221E76ADC400CCCFBE = {
						CreatedOnToolsVersion = 8.2.1;
						DevelopmentTeam = W76H98A34A;
						ProvisioningStyle = Automatic;
					};
				};
			};
			buildConfigurationList = D76FA81E1E76ADC400CCCFBE /* Build configuration list for PBXProject "TrainToChangi" */;
			compatibilityVersion = "Xcode 3.2";
			developmentRegion = English;
			hasScannedForEncodings = 0;
			knownRegions = (
				en,
				Base,
			);
			mainGroup = D76FA81A1E76ADC400CCCFBE;
			productRefGroup = D76FA8241E76ADC400CCCFBE /* Products */;
			projectDirPath = "";
			projectRoot = "";
			targets = (
				D76FA8221E76ADC400CCCFBE /* TrainToChangi */,
				A7A10D021E86A6C20040DA21 /* TrainToChangiTests */,
			);
		};
/* End PBXProject section */

/* Begin PBXResourcesBuildPhase section */
		A7A10D011E86A6C20040DA21 /* Resources */ = {
			isa = PBXResourcesBuildPhase;
			buildActionMask = 2147483647;
			files = (
			);
			runOnlyForDeploymentPostprocessing = 0;
		};
		D76FA8211E76ADC400CCCFBE /* Resources */ = {
			isa = PBXResourcesBuildPhase;
			buildActionMask = 2147483647;
			files = (
				D76FA8321E76ADC400CCCFBE /* Main.storyboard in Resources */,
				D71B88551E86AAC1006BC3E9 /* main-track.mp3 in Resources */,
				D7E0E74A1E84B78500237705 /* Tiles.sks in Resources */,
				D76FA8341E76ADC400CCCFBE /* Assets.xcassets in Resources */,
				D76FA8371E76ADC400CCCFBE /* LaunchScreen.storyboard in Resources */,
				3BD7EF9E1E8146350029EA57 /* SavedLevel.plist in Resources */,
				76745B6D1E8855870039A771 /* MapScene.sks in Resources */,
				3BD7EF9C1E812F790029EA57 /* Levels.plist in Resources */,
			);
			runOnlyForDeploymentPostprocessing = 0;
		};
/* End PBXResourcesBuildPhase section */

/* Begin PBXShellScriptBuildPhase section */
		1311FF30693C1E252DAE6B30 /* [CP] Embed Pods Frameworks */ = {
			isa = PBXShellScriptBuildPhase;
			buildActionMask = 2147483647;
			files = (
			);
			inputPaths = (
			);
			name = "[CP] Embed Pods Frameworks";
			outputPaths = (
			);
			runOnlyForDeploymentPostprocessing = 0;
			shellPath = /bin/sh;
			shellScript = "\"${SRCROOT}/Pods/Target Support Files/Pods-TrainToChangi/Pods-TrainToChangi-frameworks.sh\"\n";
			showEnvVarsInLog = 0;
		};
		A4D9EF6DB2B34DD297C4FE51 /* [CP] Check Pods Manifest.lock */ = {
			isa = PBXShellScriptBuildPhase;
			buildActionMask = 2147483647;
			files = (
			);
			inputPaths = (
			);
			name = "[CP] Check Pods Manifest.lock";
			outputPaths = (
			);
			runOnlyForDeploymentPostprocessing = 0;
			shellPath = /bin/sh;
			shellScript = "diff \"${PODS_ROOT}/../Podfile.lock\" \"${PODS_ROOT}/Manifest.lock\" > /dev/null\nif [ $? != 0 ] ; then\n    # print error to STDERR\n    echo \"error: The sandbox is not in sync with the Podfile.lock. Run 'pod install' or update your CocoaPods installation.\" >&2\n    exit 1\nfi\n";
			showEnvVarsInLog = 0;
		};
		AE679B242E83D7F79379E62E /* [CP] Copy Pods Resources */ = {
			isa = PBXShellScriptBuildPhase;
			buildActionMask = 2147483647;
			files = (
			);
			inputPaths = (
			);
			name = "[CP] Copy Pods Resources";
			outputPaths = (
			);
			runOnlyForDeploymentPostprocessing = 0;
			shellPath = /bin/sh;
			shellScript = "\"${SRCROOT}/Pods/Target Support Files/Pods-TrainToChangi/Pods-TrainToChangi-resources.sh\"\n";
			showEnvVarsInLog = 0;
		};
		D75BC4241E76AE8100ED2A1B /* ShellScript */ = {
			isa = PBXShellScriptBuildPhase;
			buildActionMask = 2147483647;
			files = (
			);
			inputPaths = (
			);
			outputPaths = (
			);
			runOnlyForDeploymentPostprocessing = 0;
			shellPath = /bin/sh;
			shellScript = "\"${PODS_ROOT}/SwiftLint/swiftlint\"";
		};
/* End PBXShellScriptBuildPhase section */

/* Begin PBXSourcesBuildPhase section */
		A7A10CFF1E86A6C20040DA21 /* Sources */ = {
			isa = PBXSourcesBuildPhase;
			buildActionMask = 2147483647;
			files = (
				A7A10D061E86A6C20040DA21 /* TrainToChangiTests.swift in Sources */,
				A7A10D0E1E86A6CC0040DA21 /* CommandDataListTests.swift in Sources */,
			);
			runOnlyForDeploymentPostprocessing = 0;
		};
		D76FA81F1E76ADC400CCCFBE /* Sources */ = {
			isa = PBXSourcesBuildPhase;
			buildActionMask = 2147483647;
			files = (
				D75BC4281E76C3A500ED2A1B /* AddCommand.swift in Sources */,
				3B6D98521E88FE970026872B /* ControlPanelViewController.swift in Sources */,
				3B6D98541E8904500026872B /* AnimationHelper.swift in Sources */,
				D70CFCC31E7C279C00D28B86 /* CommandData.swift in Sources */,
				D76FA82D1E76ADC400CCCFBE /* GameScene.swift in Sources */,
				A7A10CEE1E865AD10040DA21 /* LevelData.swift in Sources */,
				3B16804B1E778773002286F6 /* ModelManager.swift in Sources */,
				A7A10CED1E865AD10040DA21 /* CommandDataList.swift in Sources */,
				D7A267D31E7796BD00DE5774 /* Constants.swift in Sources */,
				3B78A68C1E9124CF00A652D9 /* DragDropViewController.swift in Sources */,
				D76FA82F1E76ADC400CCCFBE /* GameViewController.swift in Sources */,
				3B78A6931E915A1E00A652D9 /* LineNumberViewController.swift in Sources */,
				D744CA511E7959F9004CCABD /* RunStateUpdater.swift in Sources */,
				3B6D98591E89129C0026872B /* UIEntityDrawer.swift in Sources */,
				D7A267E11E77ABEB00DE5774 /* Model.swift in Sources */,
				D7983CE21E76D9A400E650ED /* JumpCommand.swift in Sources */,
				D7983CE61E76E99C00E650ED /* Queue.swift in Sources */,
				A7D1634A1E90CC9D0073EC46 /* Levels.swift in Sources */,
				3B6D98501E88FCD70026872B /* EditorViewController.swift in Sources */,
				D75BC4321E76D6CA00ED2A1B /* OutboxCommand.swift in Sources */,
				3B10D8491E9272C300EFCDAC /* ArrowView.swift in Sources */,
				3B78A68E1E91545700A652D9 /* LineNumberCell.swift in Sources */,
				A71209691E81888A0039B257 /* Logic.swift in Sources */,
				3BC852BF1E94833B0098042A /* JediSprite.swift in Sources */,
				A7A10CEF1E865AD10040DA21 /* LevelManager.swift in Sources */,
				76745B6F1E8857EC0039A771 /* MapScene.swift in Sources */,
				D744CA551E79715C004CCABD /* ExecutionError.swift in Sources */,
				D75BC42E1E76C6D200ED2A1B /* InboxCommand.swift in Sources */,
				76E0F66D1E88F9B40051325C /* StationLevelNode.swift in Sources */,
				3B1680531E77D6F7002286F6 /* RunState.swift in Sources */,
				D75BC42C1E76C55600ED2A1B /* LogicManager.swift in Sources */,
				D76FA8271E76ADC400CCCFBE /* AppDelegate.swift in Sources */,
				D7D49CD91E86A7A700135605 /* AudioPlayer.swift in Sources */,
				D7A267D11E7796B800DE5774 /* CommandResult.swift in Sources */,
				A77AAE9B1E8D341100261A3A /* CommandDataListInfo.swift in Sources */,
				D7CEF1321E78EBBB00564FF5 /* CommandDataParser.swift in Sources */,
				D7A267D61E7796C300DE5774 /* CopyFromCommand.swift in Sources */,
				D744CA661E7A387F004CCABD /* Level.swift in Sources */,
				D7430DE91E88D9F900B84F14 /* GameLogic.swift in Sources */,
				D7C22B551E9523A200A55324 /* JumpTarget.swift in Sources */,
				D7A267D71E7796C300DE5774 /* CopyToCommand.swift in Sources */,
				A7D163471E90C55E0073EC46 /* Storage.swift in Sources */,
				A712096C1E8189060039B257 /* CommandCell.swift in Sources */,
				3B05F91F1E94FFBF009B4F5F /* SpeechBubbleSprite.swift in Sources */,
				A7A10CF01E865AD10040DA21 /* UserData.swift in Sources */,
				76745B741E885A030039A771 /* MapViewController.swift in Sources */,
				3B1680511E778A2D002286F6 /* LevelState.swift in Sources */,
				D744CA691E7A38D7004CCABD /* StorageManager.swift in Sources */,
				D7A267DD1E77A01D00DE5774 /* Stack.swift in Sources */,
				D75BC4261E76BA9000ED2A1B /* Command.swift in Sources */,
				3B04A7D41E8BE13C00B317ED /* CollectionViewControllersExtensions.swift in Sources */,
				22DC7D66372DC4E7228650F9 /* Memory.swift in Sources */,
				22DC7A179D5E450DC80FFFDC /* MemorySlot.swift in Sources */,
				22DC73F822B7CBFF19E9B7CF /* Payload.swift in Sources */,
				22DC744FFA7999118BBEC42F /* CGPoint+.swift in Sources */,
			);
			runOnlyForDeploymentPostprocessing = 0;
		};
/* End PBXSourcesBuildPhase section */

/* Begin PBXTargetDependency section */
		A7A10D091E86A6C20040DA21 /* PBXTargetDependency */ = {
			isa = PBXTargetDependency;
			target = D76FA8221E76ADC400CCCFBE /* TrainToChangi */;
			targetProxy = A7A10D081E86A6C20040DA21 /* PBXContainerItemProxy */;
		};
/* End PBXTargetDependency section */

/* Begin PBXVariantGroup section */
		D76FA8301E76ADC400CCCFBE /* Main.storyboard */ = {
			isa = PBXVariantGroup;
			children = (
				D76FA8311E76ADC400CCCFBE /* Base */,
			);
			name = Main.storyboard;
			sourceTree = "<group>";
		};
		D76FA8351E76ADC400CCCFBE /* LaunchScreen.storyboard */ = {
			isa = PBXVariantGroup;
			children = (
				D76FA8361E76ADC400CCCFBE /* Base */,
			);
			name = LaunchScreen.storyboard;
			sourceTree = "<group>";
		};
/* End PBXVariantGroup section */

/* Begin XCBuildConfiguration section */
		A7A10D0B1E86A6C20040DA21 /* Debug */ = {
			isa = XCBuildConfiguration;
			buildSettings = {
				BUNDLE_LOADER = "$(TEST_HOST)";
				DEVELOPMENT_TEAM = W76H98A34A;
				INFOPLIST_FILE = TrainToChangiTests/Info.plist;
				LD_RUNPATH_SEARCH_PATHS = "$(inherited) @executable_path/Frameworks @loader_path/Frameworks";
				PRODUCT_BUNDLE_IDENTIFIER = nus.cs3217.a0139498j.TrainToChangiTests;
				PRODUCT_NAME = "$(TARGET_NAME)";
				SWIFT_VERSION = 3.0;
				TEST_HOST = "$(BUILT_PRODUCTS_DIR)/TrainToChangi.app/TrainToChangi";
			};
			name = Debug;
		};
		A7A10D0C1E86A6C20040DA21 /* Release */ = {
			isa = XCBuildConfiguration;
			buildSettings = {
				BUNDLE_LOADER = "$(TEST_HOST)";
				DEVELOPMENT_TEAM = W76H98A34A;
				INFOPLIST_FILE = TrainToChangiTests/Info.plist;
				LD_RUNPATH_SEARCH_PATHS = "$(inherited) @executable_path/Frameworks @loader_path/Frameworks";
				PRODUCT_BUNDLE_IDENTIFIER = nus.cs3217.a0139498j.TrainToChangiTests;
				PRODUCT_NAME = "$(TARGET_NAME)";
				SWIFT_VERSION = 3.0;
				TEST_HOST = "$(BUILT_PRODUCTS_DIR)/TrainToChangi.app/TrainToChangi";
			};
			name = Release;
		};
		D76FA8441E76ADC500CCCFBE /* Debug */ = {
			isa = XCBuildConfiguration;
			buildSettings = {
				ALWAYS_SEARCH_USER_PATHS = NO;
				CLANG_ANALYZER_NONNULL = YES;
				CLANG_CXX_LANGUAGE_STANDARD = "gnu++0x";
				CLANG_CXX_LIBRARY = "libc++";
				CLANG_ENABLE_MODULES = YES;
				CLANG_ENABLE_OBJC_ARC = YES;
				CLANG_WARN_BOOL_CONVERSION = YES;
				CLANG_WARN_CONSTANT_CONVERSION = YES;
				CLANG_WARN_DIRECT_OBJC_ISA_USAGE = YES_ERROR;
				CLANG_WARN_DOCUMENTATION_COMMENTS = YES;
				CLANG_WARN_EMPTY_BODY = YES;
				CLANG_WARN_ENUM_CONVERSION = YES;
				CLANG_WARN_INFINITE_RECURSION = YES;
				CLANG_WARN_INT_CONVERSION = YES;
				CLANG_WARN_OBJC_ROOT_CLASS = YES_ERROR;
				CLANG_WARN_SUSPICIOUS_MOVE = YES;
				CLANG_WARN_UNREACHABLE_CODE = YES;
				CLANG_WARN__DUPLICATE_METHOD_MATCH = YES;
				"CODE_SIGN_IDENTITY[sdk=iphoneos*]" = "iPhone Developer";
				COPY_PHASE_STRIP = NO;
				DEBUG_ACTIVITY_MODE = "";
				"DEBUG_ACTIVITY_MODE[sdk=iphonesimulator*]" = disable;
				DEBUG_INFORMATION_FORMAT = dwarf;
				ENABLE_STRICT_OBJC_MSGSEND = YES;
				ENABLE_TESTABILITY = YES;
				GCC_C_LANGUAGE_STANDARD = gnu99;
				GCC_DYNAMIC_NO_PIC = NO;
				GCC_NO_COMMON_BLOCKS = YES;
				GCC_OPTIMIZATION_LEVEL = 0;
				GCC_PREPROCESSOR_DEFINITIONS = (
					"DEBUG=1",
					"$(inherited)",
				);
				GCC_WARN_64_TO_32_BIT_CONVERSION = YES;
				GCC_WARN_ABOUT_RETURN_TYPE = YES_ERROR;
				GCC_WARN_UNDECLARED_SELECTOR = YES;
				GCC_WARN_UNINITIALIZED_AUTOS = YES_AGGRESSIVE;
				GCC_WARN_UNUSED_FUNCTION = YES;
				GCC_WARN_UNUSED_VARIABLE = YES;
				IPHONEOS_DEPLOYMENT_TARGET = 10.2;
				MTL_ENABLE_DEBUG_INFO = YES;
				ONLY_ACTIVE_ARCH = YES;
				SDKROOT = iphoneos;
				SWIFT_ACTIVE_COMPILATION_CONDITIONS = DEBUG;
				SWIFT_OPTIMIZATION_LEVEL = "-Onone";
				TARGETED_DEVICE_FAMILY = 2;
			};
			name = Debug;
		};
		D76FA8451E76ADC500CCCFBE /* Release */ = {
			isa = XCBuildConfiguration;
			buildSettings = {
				ALWAYS_SEARCH_USER_PATHS = NO;
				CLANG_ANALYZER_NONNULL = YES;
				CLANG_CXX_LANGUAGE_STANDARD = "gnu++0x";
				CLANG_CXX_LIBRARY = "libc++";
				CLANG_ENABLE_MODULES = YES;
				CLANG_ENABLE_OBJC_ARC = YES;
				CLANG_WARN_BOOL_CONVERSION = YES;
				CLANG_WARN_CONSTANT_CONVERSION = YES;
				CLANG_WARN_DIRECT_OBJC_ISA_USAGE = YES_ERROR;
				CLANG_WARN_DOCUMENTATION_COMMENTS = YES;
				CLANG_WARN_EMPTY_BODY = YES;
				CLANG_WARN_ENUM_CONVERSION = YES;
				CLANG_WARN_INFINITE_RECURSION = YES;
				CLANG_WARN_INT_CONVERSION = YES;
				CLANG_WARN_OBJC_ROOT_CLASS = YES_ERROR;
				CLANG_WARN_SUSPICIOUS_MOVE = YES;
				CLANG_WARN_UNREACHABLE_CODE = YES;
				CLANG_WARN__DUPLICATE_METHOD_MATCH = YES;
				"CODE_SIGN_IDENTITY[sdk=iphoneos*]" = "iPhone Developer";
				COPY_PHASE_STRIP = NO;
				DEBUG_ACTIVITY_MODE = "";
				DEBUG_INFORMATION_FORMAT = "dwarf-with-dsym";
				ENABLE_NS_ASSERTIONS = NO;
				ENABLE_STRICT_OBJC_MSGSEND = YES;
				GCC_C_LANGUAGE_STANDARD = gnu99;
				GCC_NO_COMMON_BLOCKS = YES;
				GCC_WARN_64_TO_32_BIT_CONVERSION = YES;
				GCC_WARN_ABOUT_RETURN_TYPE = YES_ERROR;
				GCC_WARN_UNDECLARED_SELECTOR = YES;
				GCC_WARN_UNINITIALIZED_AUTOS = YES_AGGRESSIVE;
				GCC_WARN_UNUSED_FUNCTION = YES;
				GCC_WARN_UNUSED_VARIABLE = YES;
				IPHONEOS_DEPLOYMENT_TARGET = 10.2;
				MTL_ENABLE_DEBUG_INFO = NO;
				SDKROOT = iphoneos;
				SWIFT_OPTIMIZATION_LEVEL = "-Owholemodule";
				TARGETED_DEVICE_FAMILY = 2;
				VALIDATE_PRODUCT = YES;
			};
			name = Release;
		};
		D76FA8471E76ADC500CCCFBE /* Debug */ = {
			isa = XCBuildConfiguration;
			baseConfigurationReference = DE4ACA4D67B2ADA36C1AF96F /* Pods-TrainToChangi.debug.xcconfig */;
			buildSettings = {
				ASSETCATALOG_COMPILER_APPICON_NAME = AppIcon;
				DEVELOPMENT_TEAM = W76H98A34A;
				INFOPLIST_FILE = TrainToChangi/Info.plist;
				IPHONEOS_DEPLOYMENT_TARGET = 10.2;
				LD_RUNPATH_SEARCH_PATHS = "$(inherited) @executable_path/Frameworks";
				PRODUCT_BUNDLE_IDENTIFIER = nus.cs3217.a0139655u.TrainToChangi;
				PRODUCT_NAME = "$(TARGET_NAME)";
				SWIFT_VERSION = 3.0;
			};
			name = Debug;
		};
		D76FA8481E76ADC500CCCFBE /* Release */ = {
			isa = XCBuildConfiguration;
			baseConfigurationReference = C3CE013B2C315609DC5674DE /* Pods-TrainToChangi.release.xcconfig */;
			buildSettings = {
				ASSETCATALOG_COMPILER_APPICON_NAME = AppIcon;
				DEVELOPMENT_TEAM = W76H98A34A;
				INFOPLIST_FILE = TrainToChangi/Info.plist;
				IPHONEOS_DEPLOYMENT_TARGET = 10.2;
				LD_RUNPATH_SEARCH_PATHS = "$(inherited) @executable_path/Frameworks";
				PRODUCT_BUNDLE_IDENTIFIER = nus.cs3217.a0139655u.TrainToChangi;
				PRODUCT_NAME = "$(TARGET_NAME)";
				SWIFT_VERSION = 3.0;
			};
			name = Release;
		};
/* End XCBuildConfiguration section */

/* Begin XCConfigurationList section */
		A7A10D0A1E86A6C20040DA21 /* Build configuration list for PBXNativeTarget "TrainToChangiTests" */ = {
			isa = XCConfigurationList;
			buildConfigurations = (
				A7A10D0B1E86A6C20040DA21 /* Debug */,
				A7A10D0C1E86A6C20040DA21 /* Release */,
			);
			defaultConfigurationIsVisible = 0;
			defaultConfigurationName = Release;
		};
		D76FA81E1E76ADC400CCCFBE /* Build configuration list for PBXProject "TrainToChangi" */ = {
			isa = XCConfigurationList;
			buildConfigurations = (
				D76FA8441E76ADC500CCCFBE /* Debug */,
				D76FA8451E76ADC500CCCFBE /* Release */,
			);
			defaultConfigurationIsVisible = 0;
			defaultConfigurationName = Release;
		};
		D76FA8461E76ADC500CCCFBE /* Build configuration list for PBXNativeTarget "TrainToChangi" */ = {
			isa = XCConfigurationList;
			buildConfigurations = (
				D76FA8471E76ADC500CCCFBE /* Debug */,
				D76FA8481E76ADC500CCCFBE /* Release */,
			);
			defaultConfigurationIsVisible = 0;
			defaultConfigurationName = Release;
		};
/* End XCConfigurationList section */
	};
	rootObject = D76FA81B1E76ADC400CCCFBE /* Project object */;
}
